
Microsoft Visual Studio Solution File, Format Version 12.00
# Visual Studio Version 17
VisualStudioVersion = 17.14.36623.8 d17.14
MinimumVisualStudioVersion = 10.0.40219.1
Project("{FAE04EC0-301F-11D3-BF4B-00C04F79EFBC}") = "CeasarShift", "CeasarShift\CeasarShift.csproj", "{A59DCD8E-E7A2-4DEF-917D-49D57F6DAF2C}"
EndProject
Project("{FAE04EC0-301F-11D3-BF4B-00C04F79EFBC}") = "CeasarShiftTest", "CeasarShiftTest\CeasarShiftTest.csproj", "{6B61E984-D7F8-49BD-81E9-EF3D68770376}"
EndProject
Global
	GlobalSection(SolutionConfigurationPlatforms) = preSolution
		Debug|Any CPU = Debug|Any CPU
		Release|Any CPU = Release|Any CPU
	EndGlobalSection
	GlobalSection(ProjectConfigurationPlatforms) = postSolution
		{A59DCD8E-E7A2-4DEF-917D-49D57F6DAF2C}.Debug|Any CPU.ActiveCfg = Debug|Any CPU
		{A59DCD8E-E7A2-4DEF-917D-49D57F6DAF2C}.Debug|Any CPU.Build.0 = Debug|Any CPU
		{A59DCD8E-E7A2-4DEF-917D-49D57F6DAF2C}.Release|Any CPU.ActiveCfg = Release|Any CPU
		{A59DCD8E-E7A2-4DEF-917D-49D57F6DAF2C}.Release|Any CPU.Build.0 = Release|Any CPU
		{6B61E984-D7F8-49BD-81E9-EF3D68770376}.Debug|Any CPU.ActiveCfg = Debug|Any CPU
		{6B61E984-D7F8-49BD-81E9-EF3D68770376}.Debug|Any CPU.Build.0 = Debug|Any CPU
		{6B61E984-D7F8-49BD-81E9-EF3D68770376}.Release|Any CPU.ActiveCfg = Release|Any CPU
		{6B61E984-D7F8-49BD-81E9-EF3D68770376}.Release|Any CPU.Build.0 = Release|Any CPU
	EndGlobalSection
	GlobalSection(SolutionProperties) = preSolution
		HideSolutionNode = FALSE
	EndGlobalSection
	GlobalSection(ExtensibilityGlobals) = postSolution
		SolutionGuid = {3E423746-01DB-40BD-93FB-E89A9ACD2308}
	EndGlobalSection
EndGlobal
